
Microsoft Visual Studio Solution File, Format Version 12.00
# Visual Studio 14
VisualStudioVersion = 14.0.22231.1
MinimumVisualStudioVersion = 10.0.40219.1
Project("{FAE04EC0-301F-11D3-BF4B-00C04F79EFBC}") = "RegionKillerAnalyzer", "RegionKillerAnalyzer\RegionKillerAnalyzer\RegionKillerAnalyzer.csproj", "{77013D1F-33E9-403B-BF06-9548557A93CD}"
EndProject
Project("{2150E333-8FDC-42A3-9474-1A3956D46DE8}") = ".nuget", ".nuget", "{AAA7FCF4-57FD-4367-ACFB-DFFC95DBBE2C}"
	ProjectSection(SolutionItems) = preProject
		.nuget\packages.config = .nuget\packages.config
	EndProjectSection
EndProject
Project("{FAE04EC0-301F-11D3-BF4B-00C04F79EFBC}") = "RegionKillerAnalyzer.Test", "RegionKillerAnalyzer\RegionKillerAnalyzer.Test\RegionKillerAnalyzer.Test.csproj", "{ECA886B8-68CB-4AD8-832C-C10A94C38852}"
EndProject
Project("{FAE04EC0-301F-11D3-BF4B-00C04F79EFBC}") = "RegionKillerAnalyzer.Vsix", "RegionKillerAnalyzer\RegionKillerAnalyzer.Vsix\RegionKillerAnalyzer.Vsix.csproj", "{C316CA62-CE6A-4932-8FA3-1A0AF5BDF6E1}"
EndProject
Global
	GlobalSection(SolutionConfigurationPlatforms) = preSolution
		Debug|Any CPU = Debug|Any CPU
		Release|Any CPU = Release|Any CPU
	EndGlobalSection
	GlobalSection(ProjectConfigurationPlatforms) = postSolution
		{77013D1F-33E9-403B-BF06-9548557A93CD}.Debug|Any CPU.ActiveCfg = Debug|Any CPU
		{77013D1F-33E9-403B-BF06-9548557A93CD}.Debug|Any CPU.Build.0 = Debug|Any CPU
		{77013D1F-33E9-403B-BF06-9548557A93CD}.Release|Any CPU.ActiveCfg = Release|Any CPU
		{77013D1F-33E9-403B-BF06-9548557A93CD}.Release|Any CPU.Build.0 = Release|Any CPU
		{ECA886B8-68CB-4AD8-832C-C10A94C38852}.Debug|Any CPU.ActiveCfg = Debug|Any CPU
		{ECA886B8-68CB-4AD8-832C-C10A94C38852}.Debug|Any CPU.Build.0 = Debug|Any CPU
		{ECA886B8-68CB-4AD8-832C-C10A94C38852}.Release|Any CPU.ActiveCfg = Release|Any CPU
		{ECA886B8-68CB-4AD8-832C-C10A94C38852}.Release|Any CPU.Build.0 = Release|Any CPU
		{C316CA62-CE6A-4932-8FA3-1A0AF5BDF6E1}.Debug|Any CPU.ActiveCfg = Debug|Any CPU
		{C316CA62-CE6A-4932-8FA3-1A0AF5BDF6E1}.Debug|Any CPU.Build.0 = Debug|Any CPU
		{C316CA62-CE6A-4932-8FA3-1A0AF5BDF6E1}.Release|Any CPU.ActiveCfg = Release|Any CPU
		{C316CA62-CE6A-4932-8FA3-1A0AF5BDF6E1}.Release|Any CPU.Build.0 = Release|Any CPU
	EndGlobalSection
	GlobalSection(SolutionProperties) = preSolution
		HideSolutionNode = FALSE
	EndGlobalSection
EndGlobal
